// !$*UTF8*$!
{
	archiveVersion = 1;
	classes = {
	};
	objectVersion = 46;
	objects = {

/* Begin PBXBuildFile section */
		4EEE90071D3747460076A484 /* main.m in Sources */ = {isa = PBXBuildFile; fileRef = 4EEE90061D3747460076A484 /* main.m */; };
		4EEE900A1D3747460076A484 /* AppDelegate.mm in Sources */ = {isa = PBXBuildFile; fileRef = 4EEE90091D3747460076A484 /* AppDelegate.mm */; };
		4EEE90101D3747460076A484 /* Main.storyboard in Resources */ = {isa = PBXBuildFile; fileRef = 4EEE900E1D3747460076A484 /* Main.storyboard */; };
		4EEE90121D3747460076A484 /* Assets.xcassets in Resources */ = {isa = PBXBuildFile; fileRef = 4EEE90111D3747460076A484 /* Assets.xcassets */; };
		4EEE90151D3747460076A484 /* LaunchScreen.storyboard in Resources */ = {isa = PBXBuildFile; fileRef = 4EEE90131D3747460076A484 /* LaunchScreen.storyboard */; };
		4EEE90201D3747460076A484 /* ZJBroadcastLiveTests.m in Sources */ = {isa = PBXBuildFile; fileRef = 4EEE901F1D3747460076A484 /* ZJBroadcastLiveTests.m */; };
		4EEE902B1D3747460076A484 /* ZJBroadcastLiveUITests.m in Sources */ = {isa = PBXBuildFile; fileRef = 4EEE902A1D3747460076A484 /* ZJBroadcastLiveUITests.m */; };
		4EF392CE1D38923300B18719 /* BLBaseViewController.m in Sources */ = {isa = PBXBuildFile; fileRef = 4EF392CD1D38923300B18719 /* BLBaseViewController.m */; };
		4EF392D61D38BB3D00B18719 /* BLStartViewController.m in Sources */ = {isa = PBXBuildFile; fileRef = 4EF392D51D38BB3D00B18719 /* BLStartViewController.m */; };
		4EF392DC1D38BF8D00B18719 /* LaunchImage-700-568h@2x.png in Resources */ = {isa = PBXBuildFile; fileRef = 4EF392D81D38BF8D00B18719 /* LaunchImage-700-568h@2x.png */; };
		4EF392DD1D38BF8D00B18719 /* LaunchImage-700@2x.png in Resources */ = {isa = PBXBuildFile; fileRef = 4EF392D91D38BF8D00B18719 /* LaunchImage-700@2x.png */; };
		4EF392DE1D38BF8D00B18719 /* LaunchImage-800-667h@2x.png in Resources */ = {isa = PBXBuildFile; fileRef = 4EF392DA1D38BF8D00B18719 /* LaunchImage-800-667h@2x.png */; };
		4EF392DF1D38BF8D00B18719 /* LaunchImage-800-Portrait-736h@3x.png in Resources */ = {isa = PBXBuildFile; fileRef = 4EF392DB1D38BF8D00B18719 /* LaunchImage-800-Portrait-736h@3x.png */; };
		4EF392E21D38C36C00B18719 /* BLNavigationController.m in Sources */ = {isa = PBXBuildFile; fileRef = 4EF392E11D38C36C00B18719 /* BLNavigationController.m */; };
		4EF392E41D38C7D400B18719 /* navBackBtn@2x.png in Resources */ = {isa = PBXBuildFile; fileRef = 4EF392E31D38C7D400B18719 /* navBackBtn@2x.png */; };
		4EF392E71D38C84500B18719 /* BLLoginViewController.m in Sources */ = {isa = PBXBuildFile; fileRef = 4EF392E61D38C84500B18719 /* BLLoginViewController.m */; };
		618979C01D3C743D00FD3752 /* AVFoundation.framework in Frameworks */ = {isa = PBXBuildFile; fileRef = 618979BF1D3C743D00FD3752 /* AVFoundation.framework */; };
		618979C21D3C744F00FD3752 /* AudioToolbox.framework in Frameworks */ = {isa = PBXBuildFile; fileRef = 618979C11D3C744F00FD3752 /* AudioToolbox.framework */; };
		618979C41D3C746300FD3752 /* CoreMedia.framework in Frameworks */ = {isa = PBXBuildFile; fileRef = 618979C31D3C746300FD3752 /* CoreMedia.framework */; };
		618979C61D3C749C00FD3752 /* OpenGLES.framework in Frameworks */ = {isa = PBXBuildFile; fileRef = 618979C51D3C749C00FD3752 /* OpenGLES.framework */; };
		618979C81D3C74AA00FD3752 /* GLKit.framework in Frameworks */ = {isa = PBXBuildFile; fileRef = 618979C71D3C74AA00FD3752 /* GLKit.framework */; };
		618979CA1D3C79EF00FD3752 /* libiconv.2.dylib in Frameworks */ = {isa = PBXBuildFile; fileRef = 618979C91D3C79EF00FD3752 /* libiconv.2.dylib */; };
		618979CC1D3C7A0700FD3752 /* libz.1.dylib in Frameworks */ = {isa = PBXBuildFile; fileRef = 618979CB1D3C7A0700FD3752 /* libz.1.dylib */; };
		618979CE1D3C7A2C00FD3752 /* libicucore.A.dylib in Frameworks */ = {isa = PBXBuildFile; fileRef = 618979CD1D3C7A2C00FD3752 /* libicucore.A.dylib */; };
		618979D11D3C7B0B00FD3752 /* RtSDK.bundle in Resources */ = {isa = PBXBuildFile; fileRef = 618979CF1D3C7B0B00FD3752 /* RtSDK.bundle */; };
		618979D21D3C7B0B00FD3752 /* RtSDK.framework in Frameworks */ = {isa = PBXBuildFile; fileRef = 618979D01D3C7B0B00FD3752 /* RtSDK.framework */; };
		618979D51D3C875900FD3752 /* BLUserDefaults.m in Sources */ = {isa = PBXBuildFile; fileRef = 618979D41D3C875900FD3752 /* BLUserDefaults.m */; };
		618979D81D3C8F7500FD3752 /* BLHomeBLViewController.m in Sources */ = {isa = PBXBuildFile; fileRef = 618979D71D3C8F7500FD3752 /* BLHomeBLViewController.m */; };
		61F1DADC1D40BC5F000C7313 /* BLChatMessageCell.m in Sources */ = {isa = PBXBuildFile; fileRef = 61F1DADB1D40BC5F000C7313 /* BLChatMessageCell.m */; };
		61F1DB041D40BFAC000C7313 /* no_Doc@2x.png in Resources */ = {isa = PBXBuildFile; fileRef = 61F1DADD1D40BFAB000C7313 /* no_Doc@2x.png */; };
		61F1DB051D40BFAC000C7313 /* no_Doc@3x.png in Resources */ = {isa = PBXBuildFile; fileRef = 61F1DADE1D40BFAB000C7313 /* no_Doc@3x.png */; };
		61F1DB061D40BFAC000C7313 /* NoDoc@2x.png in Resources */ = {isa = PBXBuildFile; fileRef = 61F1DADF1D40BFAB000C7313 /* NoDoc@2x.png */; };
		61F1DB071D40BFAC000C7313 /* NoDoc@3x.png in Resources */ = {isa = PBXBuildFile; fileRef = 61F1DAE01D40BFAB000C7313 /* NoDoc@3x.png */; };
		61F1DB081D40BFAC000C7313 /* open_chat@2x.png in Resources */ = {isa = PBXBuildFile; fileRef = 61F1DAE11D40BFAB000C7313 /* open_chat@2x.png */; };
		61F1DB091D40BFAC000C7313 /* open_chat@3x.png in Resources */ = {isa = PBXBuildFile; fileRef = 61F1DAE21D40BFAB000C7313 /* open_chat@3x.png */; };
		61F1DB0A1D40BFAC000C7313 /* pure_about@2x.png in Resources */ = {isa = PBXBuildFile; fileRef = 61F1DAE31D40BFAB000C7313 /* pure_about@2x.png */; };
		61F1DB0B1D40BFAC000C7313 /* pure_about@3x.png in Resources */ = {isa = PBXBuildFile; fileRef = 61F1DAE41D40BFAC000C7313 /* pure_about@3x.png */; };
		61F1DB0C1D40BFAC000C7313 /* pure_bg@2x.png in Resources */ = {isa = PBXBuildFile; fileRef = 61F1DAE51D40BFAC000C7313 /* pure_bg@2x.png */; };
		61F1DB0D1D40BFAC000C7313 /* pure_bg@3x.png in Resources */ = {isa = PBXBuildFile; fileRef = 61F1DAE61D40BFAC000C7313 /* pure_bg@3x.png */; };
		61F1DB0E1D40BFAC000C7313 /* pure_chatbg@2x.png in Resources */ = {isa = PBXBuildFile; fileRef = 61F1DAE71D40BFAC000C7313 /* pure_chatbg@2x.png */; };
		61F1DB0F1D40BFAC000C7313 /* pure_chatbg@3x.png in Resources */ = {isa = PBXBuildFile; fileRef = 61F1DAE81D40BFAC000C7313 /* pure_chatbg@3x.png */; };
		61F1DB101D40BFAC000C7313 /* pure_chatbg2@2x.png in Resources */ = {isa = PBXBuildFile; fileRef = 61F1DAE91D40BFAC000C7313 /* pure_chatbg2@2x.png */; };
		61F1DB111D40BFAC000C7313 /* pure_chatbg2@3x.png in Resources */ = {isa = PBXBuildFile; fileRef = 61F1DAEA1D40BFAC000C7313 /* pure_chatbg2@3x.png */; };
		61F1DB121D40BFAC000C7313 /* pure_closeaudio@2x.png in Resources */ = {isa = PBXBuildFile; fileRef = 61F1DAEB1D40BFAC000C7313 /* pure_closeaudio@2x.png */; };
		61F1DB131D40BFAC000C7313 /* pure_closeaudio@3x.png in Resources */ = {isa = PBXBuildFile; fileRef = 61F1DAEC1D40BFAC000C7313 /* pure_closeaudio@3x.png */; };
		61F1DB141D40BFAC000C7313 /* pure_closemore@2x.png in Resources */ = {isa = PBXBuildFile; fileRef = 61F1DAED1D40BFAC000C7313 /* pure_closemore@2x.png */; };
		61F1DB151D40BFAC000C7313 /* pure_closemore@3x.png in Resources */ = {isa = PBXBuildFile; fileRef = 61F1DAEE1D40BFAC000C7313 /* pure_closemore@3x.png */; };
		61F1DB161D40BFAC000C7313 /* pure_closevideo@2x.png in Resources */ = {isa = PBXBuildFile; fileRef = 61F1DAEF1D40BFAC000C7313 /* pure_closevideo@2x.png */; };
		61F1DB171D40BFAC000C7313 /* pure_closevideo@3x.png in Resources */ = {isa = PBXBuildFile; fileRef = 61F1DAF01D40BFAC000C7313 /* pure_closevideo@3x.png */; };
		61F1DB181D40BFAC000C7313 /* pure_emj@2x.png in Resources */ = {isa = PBXBuildFile; fileRef = 61F1DAF11D40BFAC000C7313 /* pure_emj@2x.png */; };
		61F1DB191D40BFAC000C7313 /* pure_emj@3x.png in Resources */ = {isa = PBXBuildFile; fileRef = 61F1DAF21D40BFAC000C7313 /* pure_emj@3x.png */; };
		61F1DB1A1D40BFAC000C7313 /* pure_emjs@2x.png in Resources */ = {isa = PBXBuildFile; fileRef = 61F1DAF31D40BFAC000C7313 /* pure_emjs@2x.png */; };
		61F1DB1B1D40BFAC000C7313 /* pure_emjs@3x.png in Resources */ = {isa = PBXBuildFile; fileRef = 61F1DAF41D40BFAC000C7313 /* pure_emjs@3x.png */; };
		61F1DB1C1D40BFAC000C7313 /* pure_end@2x.png in Resources */ = {isa = PBXBuildFile; fileRef = 61F1DAF51D40BFAC000C7313 /* pure_end@2x.png */; };
		61F1DB1D1D40BFAC000C7313 /* pure_end@3x.png in Resources */ = {isa = PBXBuildFile; fileRef = 61F1DAF61D40BFAC000C7313 /* pure_end@3x.png */; };
		61F1DB1E1D40BFAC000C7313 /* pure_Flip@2x.png in Resources */ = {isa = PBXBuildFile; fileRef = 61F1DAF71D40BFAC000C7313 /* pure_Flip@2x.png */; };
		61F1DB1F1D40BFAC000C7313 /* pure_Flip@3x.png in Resources */ = {isa = PBXBuildFile; fileRef = 61F1DAF81D40BFAC000C7313 /* pure_Flip@3x.png */; };
		61F1DB201D40BFAC000C7313 /* pure_more@2x.png in Resources */ = {isa = PBXBuildFile; fileRef = 61F1DAF91D40BFAC000C7313 /* pure_more@2x.png */; };
		61F1DB211D40BFAC000C7313 /* pure_more@3x.png in Resources */ = {isa = PBXBuildFile; fileRef = 61F1DAFA1D40BFAC000C7313 /* pure_more@3x.png */; };
		61F1DB221D40BFAC000C7313 /* pure_openaudio@2x.png in Resources */ = {isa = PBXBuildFile; fileRef = 61F1DAFB1D40BFAC000C7313 /* pure_openaudio@2x.png */; };
		61F1DB231D40BFAC000C7313 /* pure_openaudio@3x.png in Resources */ = {isa = PBXBuildFile; fileRef = 61F1DAFC1D40BFAC000C7313 /* pure_openaudio@3x.png */; };
		61F1DB241D40BFAC000C7313 /* pure_openvideo@2x.png in Resources */ = {isa = PBXBuildFile; fileRef = 61F1DAFD1D40BFAC000C7313 /* pure_openvideo@2x.png */; };
		61F1DB251D40BFAC000C7313 /* pure_openvideo@3x.png in Resources */ = {isa = PBXBuildFile; fileRef = 61F1DAFE1D40BFAC000C7313 /* pure_openvideo@3x.png */; };
		61F1DB261D40BFAC000C7313 /* pure_people@2x.png in Resources */ = {isa = PBXBuildFile; fileRef = 61F1DAFF1D40BFAC000C7313 /* pure_people@2x.png */; };
		61F1DB271D40BFAC000C7313 /* pure_people@3x.png in Resources */ = {isa = PBXBuildFile; fileRef = 61F1DB001D40BFAC000C7313 /* pure_people@3x.png */; };
		61F1DB281D40BFAC000C7313 /* send_chat@2x.png in Resources */ = {isa = PBXBuildFile; fileRef = 61F1DB011D40BFAC000C7313 /* send_chat@2x.png */; };
		61F1DB291D40BFAC000C7313 /* send_chat@3x.png in Resources */ = {isa = PBXBuildFile; fileRef = 61F1DB021D40BFAC000C7313 /* send_chat@3x.png */; };
		61F1DB2A1D40BFAC000C7313 /* YuYin.png in Resources */ = {isa = PBXBuildFile; fileRef = 61F1DB031D40BFAC000C7313 /* YuYin.png */; };
		61F1DB371D40BFC5000C7313 /* btn_circle@3x.png in Resources */ = {isa = PBXBuildFile; fileRef = 61F1DB2B1D40BFC5000C7313 /* btn_circle@3x.png */; };
		61F1DB381D40BFC5000C7313 /* btn_selected@2x.png in Resources */ = {isa = PBXBuildFile; fileRef = 61F1DB2C1D40BFC5000C7313 /* btn_selected@2x.png */; };
		61F1DB391D40BFC5000C7313 /* btn_selected@3x.png in Resources */ = {isa = PBXBuildFile; fileRef = 61F1DB2D1D40BFC5000C7313 /* btn_selected@3x.png */; };
		61F1DB3A1D40BFC5000C7313 /* btn_unselected@2x.png in Resources */ = {isa = PBXBuildFile; fileRef = 61F1DB2E1D40BFC5000C7313 /* btn_unselected@2x.png */; };
		61F1DB3B1D40BFC5000C7313 /* btn_unselected@3x.png in Resources */ = {isa = PBXBuildFile; fileRef = 61F1DB2F1D40BFC5000C7313 /* btn_unselected@3x.png */; };
		61F1DB3C1D40BFC5000C7313 /* close_chat@2x.png in Resources */ = {isa = PBXBuildFile; fileRef = 61F1DB301D40BFC5000C7313 /* close_chat@2x.png */; };
		61F1DB3D1D40BFC5000C7313 /* close_chat@3x.png in Resources */ = {isa = PBXBuildFile; fileRef = 61F1DB311D40BFC5000C7313 /* close_chat@3x.png */; };
		61F1DB3E1D40BFC5000C7313 /* defaultphoto.png in Resources */ = {isa = PBXBuildFile; fileRef = 61F1DB321D40BFC5000C7313 /* defaultphoto.png */; };
		61F1DB3F1D40BFC5000C7313 /* DocumentGuide@2x.png in Resources */ = {isa = PBXBuildFile; fileRef = 61F1DB331D40BFC5000C7313 /* DocumentGuide@2x.png */; };
		61F1DB401D40BFC5000C7313 /* DocumentGuide@3x.png in Resources */ = {isa = PBXBuildFile; fileRef = 61F1DB341D40BFC5000C7313 /* DocumentGuide@3x.png */; };
		61F1DB411D40BFC5000C7313 /* liveset_back@2x.png in Resources */ = {isa = PBXBuildFile; fileRef = 61F1DB351D40BFC5000C7313 /* liveset_back@2x.png */; };
		61F1DB421D40BFC5000C7313 /* liveset_back@3x.png in Resources */ = {isa = PBXBuildFile; fileRef = 61F1DB361D40BFC5000C7313 /* liveset_back@3x.png */; };
		61F91D701D3F531200228185 /* BLChatMessageInfo.m in Sources */ = {isa = PBXBuildFile; fileRef = 61F91D6F1D3F531200228185 /* BLChatMessageInfo.m */; };
		61F91D731D3F56FB00228185 /* BLChatTableViewCell.m in Sources */ = {isa = PBXBuildFile; fileRef = 61F91D721D3F56FB00228185 /* BLChatTableViewCell.m */; };
		61F91D851D3F7C1B00228185 /* GHEmojiCollectionView.m in Sources */ = {isa = PBXBuildFile; fileRef = 61F91D761D3F7C1B00228185 /* GHEmojiCollectionView.m */; };
		61F91D861D3F7C1B00228185 /* GHEmojiView.m in Sources */ = {isa = PBXBuildFile; fileRef = 61F91D781D3F7C1B00228185 /* GHEmojiView.m */; };
		61F91D871D3F7C1B00228185 /* GHInputToolView.m in Sources */ = {isa = PBXBuildFile; fileRef = 61F91D7A1D3F7C1B00228185 /* GHInputToolView.m */; };
		61F91D8F1D3F92EE00228185 /* BLInputToolView.m in Sources */ = {isa = PBXBuildFile; fileRef = 61F91D8E1D3F92EE00228185 /* BLInputToolView.m */; };
/* End PBXBuildFile section */

/* Begin PBXContainerItemProxy section */
		4EEE901C1D3747460076A484 /* PBXContainerItemProxy */ = {
			isa = PBXContainerItemProxy;
			containerPortal = 4EEE8FFA1D3747460076A484 /* Project object */;
			proxyType = 1;
			remoteGlobalIDString = 4EEE90011D3747460076A484;
			remoteInfo = ZJBroadcastLive;
		};
		4EEE90271D3747460076A484 /* PBXContainerItemProxy */ = {
			isa = PBXContainerItemProxy;
			containerPortal = 4EEE8FFA1D3747460076A484 /* Project object */;
			proxyType = 1;
			remoteGlobalIDString = 4EEE90011D3747460076A484;
			remoteInfo = ZJBroadcastLive;
		};
/* End PBXContainerItemProxy section */

/* Begin PBXFileReference section */
		4EEE90021D3747460076A484 /* ZJBroadcastLive.app */ = {isa = PBXFileReference; explicitFileType = wrapper.application; includeInIndex = 0; path = ZJBroadcastLive.app; sourceTree = BUILT_PRODUCTS_DIR; };
		4EEE90061D3747460076A484 /* main.m */ = {isa = PBXFileReference; lastKnownFileType = sourcecode.c.objc; path = main.m; sourceTree = "<group>"; };
		4EEE90081D3747460076A484 /* AppDelegate.h */ = {isa = PBXFileReference; lastKnownFileType = sourcecode.c.h; path = AppDelegate.h; sourceTree = "<group>"; };
		4EEE90091D3747460076A484 /* AppDelegate.mm */ = {isa = PBXFileReference; lastKnownFileType = sourcecode.cpp.objcpp; path = AppDelegate.mm; sourceTree = "<group>"; };
		4EEE900F1D3747460076A484 /* Base */ = {isa = PBXFileReference; lastKnownFileType = file.storyboard; name = Base; path = Base.lproj/Main.storyboard; sourceTree = "<group>"; };
		4EEE90111D3747460076A484 /* Assets.xcassets */ = {isa = PBXFileReference; lastKnownFileType = folder.assetcatalog; path = Assets.xcassets; sourceTree = "<group>"; };
		4EEE90141D3747460076A484 /* Base */ = {isa = PBXFileReference; lastKnownFileType = file.storyboard; name = Base; path = Base.lproj/LaunchScreen.storyboard; sourceTree = "<group>"; };
		4EEE90161D3747460076A484 /* Info.plist */ = {isa = PBXFileReference; lastKnownFileType = text.plist.xml; path = Info.plist; sourceTree = "<group>"; };
		4EEE901B1D3747460076A484 /* ZJBroadcastLiveTests.xctest */ = {isa = PBXFileReference; explicitFileType = wrapper.cfbundle; includeInIndex = 0; path = ZJBroadcastLiveTests.xctest; sourceTree = BUILT_PRODUCTS_DIR; };
		4EEE901F1D3747460076A484 /* ZJBroadcastLiveTests.m */ = {isa = PBXFileReference; lastKnownFileType = sourcecode.c.objc; path = ZJBroadcastLiveTests.m; sourceTree = "<group>"; };
		4EEE90211D3747460076A484 /* Info.plist */ = {isa = PBXFileReference; lastKnownFileType = text.plist.xml; path = Info.plist; sourceTree = "<group>"; };
		4EEE90261D3747460076A484 /* ZJBroadcastLiveUITests.xctest */ = {isa = PBXFileReference; explicitFileType = wrapper.cfbundle; includeInIndex = 0; path = ZJBroadcastLiveUITests.xctest; sourceTree = BUILT_PRODUCTS_DIR; };
		4EEE902A1D3747460076A484 /* ZJBroadcastLiveUITests.m */ = {isa = PBXFileReference; lastKnownFileType = sourcecode.c.objc; path = ZJBroadcastLiveUITests.m; sourceTree = "<group>"; };
		4EEE902C1D3747460076A484 /* Info.plist */ = {isa = PBXFileReference; lastKnownFileType = text.plist.xml; path = Info.plist; sourceTree = "<group>"; };
		4EF392CC1D38923300B18719 /* BLBaseViewController.h */ = {isa = PBXFileReference; fileEncoding = 4; lastKnownFileType = sourcecode.c.h; path = BLBaseViewController.h; sourceTree = "<group>"; };
		4EF392CD1D38923300B18719 /* BLBaseViewController.m */ = {isa = PBXFileReference; fileEncoding = 4; lastKnownFileType = sourcecode.c.objc; path = BLBaseViewController.m; sourceTree = "<group>"; };
		4EF392D41D38BB3D00B18719 /* BLStartViewController.h */ = {isa = PBXFileReference; fileEncoding = 4; lastKnownFileType = sourcecode.c.h; path = BLStartViewController.h; sourceTree = "<group>"; };
		4EF392D51D38BB3D00B18719 /* BLStartViewController.m */ = {isa = PBXFileReference; fileEncoding = 4; lastKnownFileType = sourcecode.c.objc; path = BLStartViewController.m; sourceTree = "<group>"; };
		4EF392D71D38BD5B00B18719 /* UtilsMacro.h */ = {isa = PBXFileReference; fileEncoding = 4; lastKnownFileType = sourcecode.c.h; path = UtilsMacro.h; sourceTree = "<group>"; };
		4EF392D81D38BF8D00B18719 /* LaunchImage-700-568h@2x.png */ = {isa = PBXFileReference; lastKnownFileType = image.png; path = "LaunchImage-700-568h@2x.png"; sourceTree = "<group>"; };
		4EF392D91D38BF8D00B18719 /* LaunchImage-700@2x.png */ = {isa = PBXFileReference; lastKnownFileType = image.png; path = "LaunchImage-700@2x.png"; sourceTree = "<group>"; };
		4EF392DA1D38BF8D00B18719 /* LaunchImage-800-667h@2x.png */ = {isa = PBXFileReference; lastKnownFileType = image.png; path = "LaunchImage-800-667h@2x.png"; sourceTree = "<group>"; };
		4EF392DB1D38BF8D00B18719 /* LaunchImage-800-Portrait-736h@3x.png */ = {isa = PBXFileReference; lastKnownFileType = image.png; path = "LaunchImage-800-Portrait-736h@3x.png"; sourceTree = "<group>"; };
		4EF392E01D38C36C00B18719 /* BLNavigationController.h */ = {isa = PBXFileReference; fileEncoding = 4; lastKnownFileType = sourcecode.c.h; path = BLNavigationController.h; sourceTree = "<group>"; };
		4EF392E11D38C36C00B18719 /* BLNavigationController.m */ = {isa = PBXFileReference; fileEncoding = 4; lastKnownFileType = sourcecode.c.objc; path = BLNavigationController.m; sourceTree = "<group>"; };
		4EF392E31D38C7D400B18719 /* navBackBtn@2x.png */ = {isa = PBXFileReference; lastKnownFileType = image.png; path = "navBackBtn@2x.png"; sourceTree = "<group>"; };
		4EF392E51D38C84500B18719 /* BLLoginViewController.h */ = {isa = PBXFileReference; fileEncoding = 4; lastKnownFileType = sourcecode.c.h; path = BLLoginViewController.h; sourceTree = "<group>"; };
		4EF392E61D38C84500B18719 /* BLLoginViewController.m */ = {isa = PBXFileReference; fileEncoding = 4; lastKnownFileType = sourcecode.c.objc; path = BLLoginViewController.m; sourceTree = "<group>"; };
		618979BF1D3C743D00FD3752 /* AVFoundation.framework */ = {isa = PBXFileReference; lastKnownFileType = wrapper.framework; name = AVFoundation.framework; path = System/Library/Frameworks/AVFoundation.framework; sourceTree = SDKROOT; };
		618979C11D3C744F00FD3752 /* AudioToolbox.framework */ = {isa = PBXFileReference; lastKnownFileType = wrapper.framework; name = AudioToolbox.framework; path = System/Library/Frameworks/AudioToolbox.framework; sourceTree = SDKROOT; };
		618979C31D3C746300FD3752 /* CoreMedia.framework */ = {isa = PBXFileReference; lastKnownFileType = wrapper.framework; name = CoreMedia.framework; path = System/Library/Frameworks/CoreMedia.framework; sourceTree = SDKROOT; };
		618979C51D3C749C00FD3752 /* OpenGLES.framework */ = {isa = PBXFileReference; lastKnownFileType = wrapper.framework; name = OpenGLES.framework; path = System/Library/Frameworks/OpenGLES.framework; sourceTree = SDKROOT; };
		618979C71D3C74AA00FD3752 /* GLKit.framework */ = {isa = PBXFileReference; lastKnownFileType = wrapper.framework; name = GLKit.framework; path = System/Library/Frameworks/GLKit.framework; sourceTree = SDKROOT; };
		618979C91D3C79EF00FD3752 /* libiconv.2.dylib */ = {isa = PBXFileReference; lastKnownFileType = "compiled.mach-o.dylib"; name = libiconv.2.dylib; path = /usr/lib/libiconv.2.dylib; sourceTree = "<absolute>"; };
		618979CB1D3C7A0700FD3752 /* libz.1.dylib */ = {isa = PBXFileReference; lastKnownFileType = "compiled.mach-o.dylib"; name = libz.1.dylib; path = /usr/lib/libz.1.dylib; sourceTree = "<absolute>"; };
		618979CD1D3C7A2C00FD3752 /* libicucore.A.dylib */ = {isa = PBXFileReference; lastKnownFileType = "compiled.mach-o.dylib"; name = libicucore.A.dylib; path = /usr/lib/libicucore.A.dylib; sourceTree = "<absolute>"; };
		618979CF1D3C7B0B00FD3752 /* RtSDK.bundle */ = {isa = PBXFileReference; lastKnownFileType = "wrapper.plug-in"; path = RtSDK.bundle; sourceTree = "<group>"; };
		618979D01D3C7B0B00FD3752 /* RtSDK.framework */ = {isa = PBXFileReference; lastKnownFileType = wrapper.framework; path = RtSDK.framework; sourceTree = "<group>"; };
		618979D31D3C875900FD3752 /* BLUserDefaults.h */ = {isa = PBXFileReference; fileEncoding = 4; lastKnownFileType = sourcecode.c.h; path = BLUserDefaults.h; sourceTree = "<group>"; };
		618979D41D3C875900FD3752 /* BLUserDefaults.m */ = {isa = PBXFileReference; fileEncoding = 4; lastKnownFileType = sourcecode.c.objc; path = BLUserDefaults.m; sourceTree = "<group>"; };
		618979D61D3C8F7500FD3752 /* BLHomeBLViewController.h */ = {isa = PBXFileReference; fileEncoding = 4; lastKnownFileType = sourcecode.c.h; path = BLHomeBLViewController.h; sourceTree = "<group>"; };
		618979D71D3C8F7500FD3752 /* BLHomeBLViewController.m */ = {isa = PBXFileReference; fileEncoding = 4; lastKnownFileType = sourcecode.c.objc; path = BLHomeBLViewController.m; sourceTree = "<group>"; };
		61F1DADA1D40BC5F000C7313 /* BLChatMessageCell.h */ = {isa = PBXFileReference; fileEncoding = 4; lastKnownFileType = sourcecode.c.h; path = BLChatMessageCell.h; sourceTree = "<group>"; };
		61F1DADB1D40BC5F000C7313 /* BLChatMessageCell.m */ = {isa = PBXFileReference; fileEncoding = 4; lastKnownFileType = sourcecode.c.objc; path = BLChatMessageCell.m; sourceTree = "<group>"; };
		61F1DADD1D40BFAB000C7313 /* no_Doc@2x.png */ = {isa = PBXFileReference; lastKnownFileType = image.png; path = "no_Doc@2x.png"; sourceTree = "<group>"; };
		61F1DADE1D40BFAB000C7313 /* no_Doc@3x.png */ = {isa = PBXFileReference; lastKnownFileType = image.png; path = "no_Doc@3x.png"; sourceTree = "<group>"; };
		61F1DADF1D40BFAB000C7313 /* NoDoc@2x.png */ = {isa = PBXFileReference; lastKnownFileType = image.png; path = "NoDoc@2x.png"; sourceTree = "<group>"; };
		61F1DAE01D40BFAB000C7313 /* NoDoc@3x.png */ = {isa = PBXFileReference; lastKnownFileType = image.png; path = "NoDoc@3x.png"; sourceTree = "<group>"; };
		61F1DAE11D40BFAB000C7313 /* open_chat@2x.png */ = {isa = PBXFileReference; lastKnownFileType = image.png; path = "open_chat@2x.png"; sourceTree = "<group>"; };
		61F1DAE21D40BFAB000C7313 /* open_chat@3x.png */ = {isa = PBXFileReference; lastKnownFileType = image.png; path = "open_chat@3x.png"; sourceTree = "<group>"; };
		61F1DAE31D40BFAB000C7313 /* pure_about@2x.png */ = {isa = PBXFileReference; lastKnownFileType = image.png; path = "pure_about@2x.png"; sourceTree = "<group>"; };
		61F1DAE41D40BFAC000C7313 /* pure_about@3x.png */ = {isa = PBXFileReference; lastKnownFileType = image.png; path = "pure_about@3x.png"; sourceTree = "<group>"; };
		61F1DAE51D40BFAC000C7313 /* pure_bg@2x.png */ = {isa = PBXFileReference; lastKnownFileType = image.png; path = "pure_bg@2x.png"; sourceTree = "<group>"; };
		61F1DAE61D40BFAC000C7313 /* pure_bg@3x.png */ = {isa = PBXFileReference; lastKnownFileType = image.png; path = "pure_bg@3x.png"; sourceTree = "<group>"; };
		61F1DAE71D40BFAC000C7313 /* pure_chatbg@2x.png */ = {isa = PBXFileReference; lastKnownFileType = image.png; path = "pure_chatbg@2x.png"; sourceTree = "<group>"; };
		61F1DAE81D40BFAC000C7313 /* pure_chatbg@3x.png */ = {isa = PBXFileReference; lastKnownFileType = image.png; path = "pure_chatbg@3x.png"; sourceTree = "<group>"; };
		61F1DAE91D40BFAC000C7313 /* pure_chatbg2@2x.png */ = {isa = PBXFileReference; lastKnownFileType = image.png; path = "pure_chatbg2@2x.png"; sourceTree = "<group>"; };
		61F1DAEA1D40BFAC000C7313 /* pure_chatbg2@3x.png */ = {isa = PBXFileReference; lastKnownFileType = image.png; path = "pure_chatbg2@3x.png"; sourceTree = "<group>"; };
		61F1DAEB1D40BFAC000C7313 /* pure_closeaudio@2x.png */ = {isa = PBXFileReference; lastKnownFileType = image.png; path = "pure_closeaudio@2x.png"; sourceTree = "<group>"; };
		61F1DAEC1D40BFAC000C7313 /* pure_closeaudio@3x.png */ = {isa = PBXFileReference; lastKnownFileType = image.png; path = "pure_closeaudio@3x.png"; sourceTree = "<group>"; };
		61F1DAED1D40BFAC000C7313 /* pure_closemore@2x.png */ = {isa = PBXFileReference; lastKnownFileType = image.png; path = "pure_closemore@2x.png"; sourceTree = "<group>"; };
		61F1DAEE1D40BFAC000C7313 /* pure_closemore@3x.png */ = {isa = PBXFileReference; lastKnownFileType = image.png; path = "pure_closemore@3x.png"; sourceTree = "<group>"; };
		61F1DAEF1D40BFAC000C7313 /* pure_closevideo@2x.png */ = {isa = PBXFileReference; lastKnownFileType = image.png; path = "pure_closevideo@2x.png"; sourceTree = "<group>"; };
		61F1DAF01D40BFAC000C7313 /* pure_closevideo@3x.png */ = {isa = PBXFileReference; lastKnownFileType = image.png; path = "pure_closevideo@3x.png"; sourceTree = "<group>"; };
		61F1DAF11D40BFAC000C7313 /* pure_emj@2x.png */ = {isa = PBXFileReference; lastKnownFileType = image.png; path = "pure_emj@2x.png"; sourceTree = "<group>"; };
		61F1DAF21D40BFAC000C7313 /* pure_emj@3x.png */ = {isa = PBXFileReference; lastKnownFileType = image.png; path = "pure_emj@3x.png"; sourceTree = "<group>"; };
		61F1DAF31D40BFAC000C7313 /* pure_emjs@2x.png */ = {isa = PBXFileReference; lastKnownFileType = image.png; path = "pure_emjs@2x.png"; sourceTree = "<group>"; };
		61F1DAF41D40BFAC000C7313 /* pure_emjs@3x.png */ = {isa = PBXFileReference; lastKnownFileType = image.png; path = "pure_emjs@3x.png"; sourceTree = "<group>"; };
		61F1DAF51D40BFAC000C7313 /* pure_end@2x.png */ = {isa = PBXFileReference; lastKnownFileType = image.png; path = "pure_end@2x.png"; sourceTree = "<group>"; };
		61F1DAF61D40BFAC000C7313 /* pure_end@3x.png */ = {isa = PBXFileReference; lastKnownFileType = image.png; path = "pure_end@3x.png"; sourceTree = "<group>"; };
		61F1DAF71D40BFAC000C7313 /* pure_Flip@2x.png */ = {isa = PBXFileReference; lastKnownFileType = image.png; path = "pure_Flip@2x.png"; sourceTree = "<group>"; };
		61F1DAF81D40BFAC000C7313 /* pure_Flip@3x.png */ = {isa = PBXFileReference; lastKnownFileType = image.png; path = "pure_Flip@3x.png"; sourceTree = "<group>"; };
		61F1DAF91D40BFAC000C7313 /* pure_more@2x.png */ = {isa = PBXFileReference; lastKnownFileType = image.png; path = "pure_more@2x.png"; sourceTree = "<group>"; };
		61F1DAFA1D40BFAC000C7313 /* pure_more@3x.png */ = {isa = PBXFileReference; lastKnownFileType = image.png; path = "pure_more@3x.png"; sourceTree = "<group>"; };
		61F1DAFB1D40BFAC000C7313 /* pure_openaudio@2x.png */ = {isa = PBXFileReference; lastKnownFileType = image.png; path = "pure_openaudio@2x.png"; sourceTree = "<group>"; };
		61F1DAFC1D40BFAC000C7313 /* pure_openaudio@3x.png */ = {isa = PBXFileReference; lastKnownFileType = image.png; path = "pure_openaudio@3x.png"; sourceTree = "<group>"; };
		61F1DAFD1D40BFAC000C7313 /* pure_openvideo@2x.png */ = {isa = PBXFileReference; lastKnownFileType = image.png; path = "pure_openvideo@2x.png"; sourceTree = "<group>"; };
		61F1DAFE1D40BFAC000C7313 /* pure_openvideo@3x.png */ = {isa = PBXFileReference; lastKnownFileType = image.png; path = "pure_openvideo@3x.png"; sourceTree = "<group>"; };
		61F1DAFF1D40BFAC000C7313 /* pure_people@2x.png */ = {isa = PBXFileReference; lastKnownFileType = image.png; path = "pure_people@2x.png"; sourceTree = "<group>"; };
		61F1DB001D40BFAC000C7313 /* pure_people@3x.png */ = {isa = PBXFileReference; lastKnownFileType = image.png; path = "pure_people@3x.png"; sourceTree = "<group>"; };
		61F1DB011D40BFAC000C7313 /* send_chat@2x.png */ = {isa = PBXFileReference; lastKnownFileType = image.png; path = "send_chat@2x.png"; sourceTree = "<group>"; };
		61F1DB021D40BFAC000C7313 /* send_chat@3x.png */ = {isa = PBXFileReference; lastKnownFileType = image.png; path = "send_chat@3x.png"; sourceTree = "<group>"; };
		61F1DB031D40BFAC000C7313 /* YuYin.png */ = {isa = PBXFileReference; lastKnownFileType = image.png; path = YuYin.png; sourceTree = "<group>"; };
		61F1DB2B1D40BFC5000C7313 /* btn_circle@3x.png */ = {isa = PBXFileReference; lastKnownFileType = image.png; path = "btn_circle@3x.png"; sourceTree = "<group>"; };
		61F1DB2C1D40BFC5000C7313 /* btn_selected@2x.png */ = {isa = PBXFileReference; lastKnownFileType = image.png; path = "btn_selected@2x.png"; sourceTree = "<group>"; };
		61F1DB2D1D40BFC5000C7313 /* btn_selected@3x.png */ = {isa = PBXFileReference; lastKnownFileType = image.png; path = "btn_selected@3x.png"; sourceTree = "<group>"; };
		61F1DB2E1D40BFC5000C7313 /* btn_unselected@2x.png */ = {isa = PBXFileReference; lastKnownFileType = image.png; path = "btn_unselected@2x.png"; sourceTree = "<group>"; };
		61F1DB2F1D40BFC5000C7313 /* btn_unselected@3x.png */ = {isa = PBXFileReference; lastKnownFileType = image.png; path = "btn_unselected@3x.png"; sourceTree = "<group>"; };
		61F1DB301D40BFC5000C7313 /* close_chat@2x.png */ = {isa = PBXFileReference; lastKnownFileType = image.png; path = "close_chat@2x.png"; sourceTree = "<group>"; };
		61F1DB311D40BFC5000C7313 /* close_chat@3x.png */ = {isa = PBXFileReference; lastKnownFileType = image.png; path = "close_chat@3x.png"; sourceTree = "<group>"; };
		61F1DB321D40BFC5000C7313 /* defaultphoto.png */ = {isa = PBXFileReference; lastKnownFileType = image.png; path = defaultphoto.png; sourceTree = "<group>"; };
		61F1DB331D40BFC5000C7313 /* DocumentGuide@2x.png */ = {isa = PBXFileReference; lastKnownFileType = image.png; path = "DocumentGuide@2x.png"; sourceTree = "<group>"; };
		61F1DB341D40BFC5000C7313 /* DocumentGuide@3x.png */ = {isa = PBXFileReference; lastKnownFileType = image.png; path = "DocumentGuide@3x.png"; sourceTree = "<group>"; };
		61F1DB351D40BFC5000C7313 /* liveset_back@2x.png */ = {isa = PBXFileReference; lastKnownFileType = image.png; path = "liveset_back@2x.png"; sourceTree = "<group>"; };
		61F1DB361D40BFC5000C7313 /* liveset_back@3x.png */ = {isa = PBXFileReference; lastKnownFileType = image.png; path = "liveset_back@3x.png"; sourceTree = "<group>"; };
		61F91D6E1D3F531200228185 /* BLChatMessageInfo.h */ = {isa = PBXFileReference; fileEncoding = 4; lastKnownFileType = sourcecode.c.h; path = BLChatMessageInfo.h; sourceTree = "<group>"; };
		61F91D6F1D3F531200228185 /* BLChatMessageInfo.m */ = {isa = PBXFileReference; fileEncoding = 4; lastKnownFileType = sourcecode.c.objc; path = BLChatMessageInfo.m; sourceTree = "<group>"; };
		61F91D711D3F56FB00228185 /* BLChatTableViewCell.h */ = {isa = PBXFileReference; fileEncoding = 4; lastKnownFileType = sourcecode.c.h; path = BLChatTableViewCell.h; sourceTree = "<group>"; };
		61F91D721D3F56FB00228185 /* BLChatTableViewCell.m */ = {isa = PBXFileReference; fileEncoding = 4; lastKnownFileType = sourcecode.c.objc; path = BLChatTableViewCell.m; sourceTree = "<group>"; };
		61F91D751D3F7C1B00228185 /* GHEmojiCollectionView.h */ = {isa = PBXFileReference; fileEncoding = 4; lastKnownFileType = sourcecode.c.h; path = GHEmojiCollectionView.h; sourceTree = "<group>"; };
		61F91D761D3F7C1B00228185 /* GHEmojiCollectionView.m */ = {isa = PBXFileReference; fileEncoding = 4; lastKnownFileType = sourcecode.c.objc; path = GHEmojiCollectionView.m; sourceTree = "<group>"; };
		61F91D771D3F7C1B00228185 /* GHEmojiView.h */ = {isa = PBXFileReference; fileEncoding = 4; lastKnownFileType = sourcecode.c.h; path = GHEmojiView.h; sourceTree = "<group>"; };
		61F91D781D3F7C1B00228185 /* GHEmojiView.m */ = {isa = PBXFileReference; fileEncoding = 4; lastKnownFileType = sourcecode.c.objc; path = GHEmojiView.m; sourceTree = "<group>"; };
		61F91D791D3F7C1B00228185 /* GHInputToolView.h */ = {isa = PBXFileReference; fileEncoding = 4; lastKnownFileType = sourcecode.c.h; path = GHInputToolView.h; sourceTree = "<group>"; };
		61F91D7A1D3F7C1B00228185 /* GHInputToolView.m */ = {isa = PBXFileReference; fileEncoding = 4; lastKnownFileType = sourcecode.c.objc; path = GHInputToolView.m; sourceTree = "<group>"; };
		61F91D8D1D3F92EE00228185 /* BLInputToolView.h */ = {isa = PBXFileReference; fileEncoding = 4; lastKnownFileType = sourcecode.c.h; path = BLInputToolView.h; sourceTree = "<group>"; };
		61F91D8E1D3F92EE00228185 /* BLInputToolView.m */ = {isa = PBXFileReference; fileEncoding = 4; lastKnownFileType = sourcecode.c.objc; path = BLInputToolView.m; sourceTree = "<group>"; };
/* End PBXFileReference section */

/* Begin PBXFrameworksBuildPhase section */
		4EEE8FFF1D3747460076A484 /* Frameworks */ = {
			isa = PBXFrameworksBuildPhase;
			buildActionMask = 2147483647;
			files = (
				618979D21D3C7B0B00FD3752 /* RtSDK.framework in Frameworks */,
				618979CE1D3C7A2C00FD3752 /* libicucore.A.dylib in Frameworks */,
				618979CC1D3C7A0700FD3752 /* libz.1.dylib in Frameworks */,
				618979CA1D3C79EF00FD3752 /* libiconv.2.dylib in Frameworks */,
				618979C81D3C74AA00FD3752 /* GLKit.framework in Frameworks */,
				618979C61D3C749C00FD3752 /* OpenGLES.framework in Frameworks */,
				618979C41D3C746300FD3752 /* CoreMedia.framework in Frameworks */,
				618979C21D3C744F00FD3752 /* AudioToolbox.framework in Frameworks */,
				618979C01D3C743D00FD3752 /* AVFoundation.framework in Frameworks */,
			);
			runOnlyForDeploymentPostprocessing = 0;
		};
		4EEE90181D3747460076A484 /* Frameworks */ = {
			isa = PBXFrameworksBuildPhase;
			buildActionMask = 2147483647;
			files = (
			);
			runOnlyForDeploymentPostprocessing = 0;
		};
		4EEE90231D3747460076A484 /* Frameworks */ = {
			isa = PBXFrameworksBuildPhase;
			buildActionMask = 2147483647;
			files = (
			);
			runOnlyForDeploymentPostprocessing = 0;
		};
/* End PBXFrameworksBuildPhase section */

/* Begin PBXGroup section */
		4EEE8FF91D3747460076A484 = {
			isa = PBXGroup;
			children = (
				4EEE90041D3747460076A484 /* ZJBroadcastLive */,
				4EF392C11D38907B00B18719 /* Framework */,
				4EEE901E1D3747460076A484 /* ZJBroadcastLiveTests */,
				4EEE90291D3747460076A484 /* ZJBroadcastLiveUITests */,
				4EEE90031D3747460076A484 /* Products */,
			);
			sourceTree = "<group>";
		};
		4EEE90031D3747460076A484 /* Products */ = {
			isa = PBXGroup;
			children = (
				4EEE90021D3747460076A484 /* ZJBroadcastLive.app */,
				4EEE901B1D3747460076A484 /* ZJBroadcastLiveTests.xctest */,
				4EEE90261D3747460076A484 /* ZJBroadcastLiveUITests.xctest */,
			);
			name = Products;
			sourceTree = "<group>";
		};
		4EEE90041D3747460076A484 /* ZJBroadcastLive */ = {
			isa = PBXGroup;
			children = (
				4EEE90081D3747460076A484 /* AppDelegate.h */,
				4EEE90091D3747460076A484 /* AppDelegate.mm */,
				4EF392C81D38914200B18719 /* Models */,
				4EF392C41D38914200B18719 /* Controllers */,
				4EF392CB1D38914200B18719 /* Views */,
				4EF392C71D38914200B18719 /* Macro */,
				4EF392CA1D38914200B18719 /* Utils */,
				4EF392C31D38914200B18719 /* Category */,
				4EF392C61D38914200B18719 /* Libs */,
				4EF392C91D38914200B18719 /* Resource */,
				4EF392C21D3890FA00B18719 /* Other */,
				4EEE90111D3747460076A484 /* Assets.xcassets */,
				4EEE90051D3747460076A484 /* Supporting Files */,
			);
			path = ZJBroadcastLive;
			sourceTree = "<group>";
		};
		4EEE90051D3747460076A484 /* Supporting Files */ = {
			isa = PBXGroup;
			children = (
				4EEE90161D3747460076A484 /* Info.plist */,
				4EEE90061D3747460076A484 /* main.m */,
			);
			name = "Supporting Files";
			sourceTree = "<group>";
		};
		4EEE901E1D3747460076A484 /* ZJBroadcastLiveTests */ = {
			isa = PBXGroup;
			children = (
				4EEE901F1D3747460076A484 /* ZJBroadcastLiveTests.m */,
				4EEE90211D3747460076A484 /* Info.plist */,
			);
			path = ZJBroadcastLiveTests;
			sourceTree = "<group>";
		};
		4EEE90291D3747460076A484 /* ZJBroadcastLiveUITests */ = {
			isa = PBXGroup;
			children = (
				4EEE902A1D3747460076A484 /* ZJBroadcastLiveUITests.m */,
				4EEE902C1D3747460076A484 /* Info.plist */,
			);
			path = ZJBroadcastLiveUITests;
			sourceTree = "<group>";
		};
		4EF392C11D38907B00B18719 /* Framework */ = {
			isa = PBXGroup;
			children = (
				618979CD1D3C7A2C00FD3752 /* libicucore.A.dylib */,
				618979CB1D3C7A0700FD3752 /* libz.1.dylib */,
				618979C91D3C79EF00FD3752 /* libiconv.2.dylib */,
				618979C71D3C74AA00FD3752 /* GLKit.framework */,
				618979C51D3C749C00FD3752 /* OpenGLES.framework */,
				618979C31D3C746300FD3752 /* CoreMedia.framework */,
				618979C11D3C744F00FD3752 /* AudioToolbox.framework */,
				618979BF1D3C743D00FD3752 /* AVFoundation.framework */,
			);
			name = Framework;
			sourceTree = "<group>";
		};
		4EF392C21D3890FA00B18719 /* Other */ = {
			isa = PBXGroup;
			children = (
				4EEE900E1D3747460076A484 /* Main.storyboard */,
				4EEE90131D3747460076A484 /* LaunchScreen.storyboard */,
			);
			name = Other;
			sourceTree = "<group>";
		};
		4EF392C31D38914200B18719 /* Category */ = {
			isa = PBXGroup;
			children = (
			);
			path = Category;
			sourceTree = "<group>";
		};
		4EF392C41D38914200B18719 /* Controllers */ = {
			isa = PBXGroup;
			children = (
				4EF392C51D38914200B18719 /* Base */,
				4EF392D01D38BA5100B18719 /* Login */,
				4EF392E81D38C85400B18719 /* BLHome */,
			);
			path = Controllers;
			sourceTree = "<group>";
		};
		4EF392C51D38914200B18719 /* Base */ = {
			isa = PBXGroup;
			children = (
				4EF392CC1D38923300B18719 /* BLBaseViewController.h */,
				4EF392CD1D38923300B18719 /* BLBaseViewController.m */,
				4EF392E01D38C36C00B18719 /* BLNavigationController.h */,
				4EF392E11D38C36C00B18719 /* BLNavigationController.m */,
			);
			path = Base;
			sourceTree = "<group>";
		};
		4EF392C61D38914200B18719 /* Libs */ = {
			isa = PBXGroup;
			children = (
				618979CF1D3C7B0B00FD3752 /* RtSDK.bundle */,
				618979D01D3C7B0B00FD3752 /* RtSDK.framework */,
			);
			path = Libs;
			sourceTree = "<group>";
		};
		4EF392C71D38914200B18719 /* Macro */ = {
			isa = PBXGroup;
			children = (
				4EF392D71D38BD5B00B18719 /* UtilsMacro.h */,
			);
			path = Macro;
			sourceTree = "<group>";
		};
		4EF392C81D38914200B18719 /* Models */ = {
			isa = PBXGroup;
			children = (
				61F91D6E1D3F531200228185 /* BLChatMessageInfo.h */,
				61F91D6F1D3F531200228185 /* BLChatMessageInfo.m */,
			);
			path = Models;
			sourceTree = "<group>";
		};
		4EF392C91D38914200B18719 /* Resource */ = {
			isa = PBXGroup;
			children = (
				4EF392CF1D38B7AA00B18719 /* Image */,
			);
			path = Resource;
			sourceTree = "<group>";
		};
		4EF392CA1D38914200B18719 /* Utils */ = {
			isa = PBXGroup;
			children = (
				61F91D741D3F7C1B00228185 /* chatUtils */,
				618979D31D3C875900FD3752 /* BLUserDefaults.h */,
				618979D41D3C875900FD3752 /* BLUserDefaults.m */,
			);
			path = Utils;
			sourceTree = "<group>";
		};
		4EF392CB1D38914200B18719 /* Views */ = {
			isa = PBXGroup;
			children = (
				61F91D711D3F56FB00228185 /* BLChatTableViewCell.h */,
				61F91D721D3F56FB00228185 /* BLChatTableViewCell.m */,
				61F91D8D1D3F92EE00228185 /* BLInputToolView.h */,
				61F91D8E1D3F92EE00228185 /* BLInputToolView.m */,
				61F1DADA1D40BC5F000C7313 /* BLChatMessageCell.h */,
				61F1DADB1D40BC5F000C7313 /* BLChatMessageCell.m */,
			);
			path = Views;
			sourceTree = "<group>";
		};
		4EF392CF1D38B7AA00B18719 /* Image */ = {
			isa = PBXGroup;
			children = (
				4EF392D81D38BF8D00B18719 /* LaunchImage-700-568h@2x.png */,
				4EF392D91D38BF8D00B18719 /* LaunchImage-700@2x.png */,
				4EF392DA1D38BF8D00B18719 /* LaunchImage-800-667h@2x.png */,
				4EF392DB1D38BF8D00B18719 /* LaunchImage-800-Portrait-736h@3x.png */,
				4EF392E31D38C7D400B18719 /* navBackBtn@2x.png */,
				61F1DADD1D40BFAB000C7313 /* no_Doc@2x.png */,
				61F1DADE1D40BFAB000C7313 /* no_Doc@3x.png */,
				61F1DADF1D40BFAB000C7313 /* NoDoc@2x.png */,
				61F1DAE01D40BFAB000C7313 /* NoDoc@3x.png */,
				61F1DAE11D40BFAB000C7313 /* open_chat@2x.png */,
				61F1DAE21D40BFAB000C7313 /* open_chat@3x.png */,
				61F1DAE31D40BFAB000C7313 /* pure_about@2x.png */,
				61F1DAE41D40BFAC000C7313 /* pure_about@3x.png */,
				61F1DAE51D40BFAC000C7313 /* pure_bg@2x.png */,
				61F1DAE61D40BFAC000C7313 /* pure_bg@3x.png */,
				61F1DAE71D40BFAC000C7313 /* pure_chatbg@2x.png */,
				61F1DAE81D40BFAC000C7313 /* pure_chatbg@3x.png */,
				61F1DAE91D40BFAC000C7313 /* pure_chatbg2@2x.png */,
				61F1DAEA1D40BFAC000C7313 /* pure_chatbg2@3x.png */,
				61F1DAEB1D40BFAC000C7313 /* pure_closeaudio@2x.png */,
				61F1DAEC1D40BFAC000C7313 /* pure_closeaudio@3x.png */,
				61F1DAED1D40BFAC000C7313 /* pure_closemore@2x.png */,
				61F1DAEE1D40BFAC000C7313 /* pure_closemore@3x.png */,
				61F1DAEF1D40BFAC000C7313 /* pure_closevideo@2x.png */,
				61F1DAF01D40BFAC000C7313 /* pure_closevideo@3x.png */,
				61F1DAF11D40BFAC000C7313 /* pure_emj@2x.png */,
				61F1DAF21D40BFAC000C7313 /* pure_emj@3x.png */,
				61F1DAF31D40BFAC000C7313 /* pure_emjs@2x.png */,
				61F1DAF41D40BFAC000C7313 /* pure_emjs@3x.png */,
				61F1DAF51D40BFAC000C7313 /* pure_end@2x.png */,
				61F1DAF61D40BFAC000C7313 /* pure_end@3x.png */,
				61F1DAF71D40BFAC000C7313 /* pure_Flip@2x.png */,
				61F1DAF81D40BFAC000C7313 /* pure_Flip@3x.png */,
				61F1DAF91D40BFAC000C7313 /* pure_more@2x.png */,
				61F1DAFA1D40BFAC000C7313 /* pure_more@3x.png */,
				61F1DAFB1D40BFAC000C7313 /* pure_openaudio@2x.png */,
				61F1DAFC1D40BFAC000C7313 /* pure_openaudio@3x.png */,
				61F1DAFD1D40BFAC000C7313 /* pure_openvideo@2x.png */,
				61F1DAFE1D40BFAC000C7313 /* pure_openvideo@3x.png */,
				61F1DAFF1D40BFAC000C7313 /* pure_people@2x.png */,
				61F1DB001D40BFAC000C7313 /* pure_people@3x.png */,
				61F1DB011D40BFAC000C7313 /* send_chat@2x.png */,
				61F1DB021D40BFAC000C7313 /* send_chat@3x.png */,
				61F1DB031D40BFAC000C7313 /* YuYin.png */,
				61F1DB2B1D40BFC5000C7313 /* btn_circle@3x.png */,
				61F1DB2C1D40BFC5000C7313 /* btn_selected@2x.png */,
				61F1DB2D1D40BFC5000C7313 /* btn_selected@3x.png */,
				61F1DB2E1D40BFC5000C7313 /* btn_unselected@2x.png */,
				61F1DB2F1D40BFC5000C7313 /* btn_unselected@3x.png */,
				61F1DB301D40BFC5000C7313 /* close_chat@2x.png */,
				61F1DB311D40BFC5000C7313 /* close_chat@3x.png */,
				61F1DB321D40BFC5000C7313 /* defaultphoto.png */,
				61F1DB331D40BFC5000C7313 /* DocumentGuide@2x.png */,
				61F1DB341D40BFC5000C7313 /* DocumentGuide@3x.png */,
				61F1DB351D40BFC5000C7313 /* liveset_back@2x.png */,
				61F1DB361D40BFC5000C7313 /* liveset_back@3x.png */,
			);
			path = Image;
			sourceTree = "<group>";
		};
		4EF392D01D38BA5100B18719 /* Login */ = {
			isa = PBXGroup;
			children = (
				4EF392D41D38BB3D00B18719 /* BLStartViewController.h */,
				4EF392D51D38BB3D00B18719 /* BLStartViewController.m */,
				4EF392E51D38C84500B18719 /* BLLoginViewController.h */,
				4EF392E61D38C84500B18719 /* BLLoginViewController.m */,
			);
			name = Login;
			sourceTree = "<group>";
		};
		4EF392E81D38C85400B18719 /* BLHome */ = {
			isa = PBXGroup;
			children = (
				618979D61D3C8F7500FD3752 /* BLHomeBLViewController.h */,
				618979D71D3C8F7500FD3752 /* BLHomeBLViewController.m */,
			);
			name = BLHome;
			sourceTree = "<group>";
		};
		61F91D741D3F7C1B00228185 /* chatUtils */ = {
			isa = PBXGroup;
			children = (
				61F91D751D3F7C1B00228185 /* GHEmojiCollectionView.h */,
				61F91D761D3F7C1B00228185 /* GHEmojiCollectionView.m */,
				61F91D771D3F7C1B00228185 /* GHEmojiView.h */,
				61F91D781D3F7C1B00228185 /* GHEmojiView.m */,
				61F91D791D3F7C1B00228185 /* GHInputToolView.h */,
				61F91D7A1D3F7C1B00228185 /* GHInputToolView.m */,
			);
			path = chatUtils;
			sourceTree = "<group>";
		};
/* End PBXGroup section */

/* Begin PBXNativeTarget section */
		4EEE90011D3747460076A484 /* ZJBroadcastLive */ = {
			isa = PBXNativeTarget;
			buildConfigurationList = 4EEE902F1D3747460076A484 /* Build configuration list for PBXNativeTarget "ZJBroadcastLive" */;
			buildPhases = (
				4EEE8FFE1D3747460076A484 /* Sources */,
				4EEE8FFF1D3747460076A484 /* Frameworks */,
				4EEE90001D3747460076A484 /* Resources */,
			);
			buildRules = (
			);
			dependencies = (
			);
			name = ZJBroadcastLive;
			productName = ZJBroadcastLive;
			productReference = 4EEE90021D3747460076A484 /* ZJBroadcastLive.app */;
			productType = "com.apple.product-type.application";
		};
		4EEE901A1D3747460076A484 /* ZJBroadcastLiveTests */ = {
			isa = PBXNativeTarget;
			buildConfigurationList = 4EEE90321D3747460076A484 /* Build configuration list for PBXNativeTarget "ZJBroadcastLiveTests" */;
			buildPhases = (
				4EEE90171D3747460076A484 /* Sources */,
				4EEE90181D3747460076A484 /* Frameworks */,
				4EEE90191D3747460076A484 /* Resources */,
			);
			buildRules = (
			);
			dependencies = (
				4EEE901D1D3747460076A484 /* PBXTargetDependency */,
			);
			name = ZJBroadcastLiveTests;
			productName = ZJBroadcastLiveTests;
			productReference = 4EEE901B1D3747460076A484 /* ZJBroadcastLiveTests.xctest */;
			productType = "com.apple.product-type.bundle.unit-test";
		};
		4EEE90251D3747460076A484 /* ZJBroadcastLiveUITests */ = {
			isa = PBXNativeTarget;
			buildConfigurationList = 4EEE90351D3747460076A484 /* Build configuration list for PBXNativeTarget "ZJBroadcastLiveUITests" */;
			buildPhases = (
				4EEE90221D3747460076A484 /* Sources */,
				4EEE90231D3747460076A484 /* Frameworks */,
				4EEE90241D3747460076A484 /* Resources */,
			);
			buildRules = (
			);
			dependencies = (
				4EEE90281D3747460076A484 /* PBXTargetDependency */,
			);
			name = ZJBroadcastLiveUITests;
			productName = ZJBroadcastLiveUITests;
			productReference = 4EEE90261D3747460076A484 /* ZJBroadcastLiveUITests.xctest */;
			productType = "com.apple.product-type.bundle.ui-testing";
		};
/* End PBXNativeTarget section */

/* Begin PBXProject section */
		4EEE8FFA1D3747460076A484 /* Project object */ = {
			isa = PBXProject;
			attributes = {
				CLASSPREFIX = BL;
				LastUpgradeCheck = 0730;
				ORGANIZATIONNAME = zhangjing;
				TargetAttributes = {
					4EEE90011D3747460076A484 = {
						CreatedOnToolsVersion = 7.3;
					};
					4EEE901A1D3747460076A484 = {
						CreatedOnToolsVersion = 7.3;
						TestTargetID = 4EEE90011D3747460076A484;
					};
					4EEE90251D3747460076A484 = {
						CreatedOnToolsVersion = 7.3;
						TestTargetID = 4EEE90011D3747460076A484;
					};
				};
			};
			buildConfigurationList = 4EEE8FFD1D3747460076A484 /* Build configuration list for PBXProject "ZJBroadcastLive" */;
			compatibilityVersion = "Xcode 3.2";
			developmentRegion = English;
			hasScannedForEncodings = 0;
			knownRegions = (
				en,
				Base,
			);
			mainGroup = 4EEE8FF91D3747460076A484;
			productRefGroup = 4EEE90031D3747460076A484 /* Products */;
			projectDirPath = "";
			projectRoot = "";
			targets = (
				4EEE90011D3747460076A484 /* ZJBroadcastLive */,
				4EEE901A1D3747460076A484 /* ZJBroadcastLiveTests */,
				4EEE90251D3747460076A484 /* ZJBroadcastLiveUITests */,
			);
		};
/* End PBXProject section */

/* Begin PBXResourcesBuildPhase section */
		4EEE90001D3747460076A484 /* Resources */ = {
			isa = PBXResourcesBuildPhase;
			buildActionMask = 2147483647;
			files = (
				4EF392E41D38C7D400B18719 /* navBackBtn@2x.png in Resources */,
				61F1DB221D40BFAC000C7313 /* pure_openaudio@2x.png in Resources */,
				618979D11D3C7B0B00FD3752 /* RtSDK.bundle in Resources */,
				61F1DB231D40BFAC000C7313 /* pure_openaudio@3x.png in Resources */,
				61F1DB271D40BFAC000C7313 /* pure_people@3x.png in Resources */,
				61F1DB371D40BFC5000C7313 /* btn_circle@3x.png in Resources */,
				61F1DB081D40BFAC000C7313 /* open_chat@2x.png in Resources */,
				4EEE90151D3747460076A484 /* LaunchScreen.storyboard in Resources */,
				61F1DB3F1D40BFC5000C7313 /* DocumentGuide@2x.png in Resources */,
				61F1DB0A1D40BFAC000C7313 /* pure_about@2x.png in Resources */,
				4EF392DE1D38BF8D00B18719 /* LaunchImage-800-667h@2x.png in Resources */,
				61F1DB3E1D40BFC5000C7313 /* defaultphoto.png in Resources */,
				61F1DB241D40BFAC000C7313 /* pure_openvideo@2x.png in Resources */,
				61F1DB2A1D40BFAC000C7313 /* YuYin.png in Resources */,
				61F1DB091D40BFAC000C7313 /* open_chat@3x.png in Resources */,
				61F1DB181D40BFAC000C7313 /* pure_emj@2x.png in Resources */,
				61F1DB0C1D40BFAC000C7313 /* pure_bg@2x.png in Resources */,
				61F1DB211D40BFAC000C7313 /* pure_more@3x.png in Resources */,
				61F1DB291D40BFAC000C7313 /* send_chat@3x.png in Resources */,
				61F1DB3A1D40BFC5000C7313 /* btn_unselected@2x.png in Resources */,
				61F1DB0B1D40BFAC000C7313 /* pure_about@3x.png in Resources */,
				61F1DB421D40BFC5000C7313 /* liveset_back@3x.png in Resources */,
				61F1DB411D40BFC5000C7313 /* liveset_back@2x.png in Resources */,
				61F1DB071D40BFAC000C7313 /* NoDoc@3x.png in Resources */,
				61F1DB131D40BFAC000C7313 /* pure_closeaudio@3x.png in Resources */,
				61F1DB041D40BFAC000C7313 /* no_Doc@2x.png in Resources */,
				61F1DB171D40BFAC000C7313 /* pure_closevideo@3x.png in Resources */,
				61F1DB1F1D40BFAC000C7313 /* pure_Flip@3x.png in Resources */,
				61F1DB1D1D40BFAC000C7313 /* pure_end@3x.png in Resources */,
				61F1DB401D40BFC5000C7313 /* DocumentGuide@3x.png in Resources */,
				61F1DB151D40BFAC000C7313 /* pure_closemore@3x.png in Resources */,
				4EEE90121D3747460076A484 /* Assets.xcassets in Resources */,
				61F1DB251D40BFAC000C7313 /* pure_openvideo@3x.png in Resources */,
				4EF392DD1D38BF8D00B18719 /* LaunchImage-700@2x.png in Resources */,
				61F1DB161D40BFAC000C7313 /* pure_closevideo@2x.png in Resources */,
				61F1DB051D40BFAC000C7313 /* no_Doc@3x.png in Resources */,
				61F1DB061D40BFAC000C7313 /* NoDoc@2x.png in Resources */,
				61F1DB281D40BFAC000C7313 /* send_chat@2x.png in Resources */,
				61F1DB391D40BFC5000C7313 /* btn_selected@3x.png in Resources */,
				61F1DB1C1D40BFAC000C7313 /* pure_end@2x.png in Resources */,
				4EF392DC1D38BF8D00B18719 /* LaunchImage-700-568h@2x.png in Resources */,
				61F1DB191D40BFAC000C7313 /* pure_emj@3x.png in Resources */,
				4EEE90101D3747460076A484 /* Main.storyboard in Resources */,
				61F1DB1A1D40BFAC000C7313 /* pure_emjs@2x.png in Resources */,
				61F1DB3C1D40BFC5000C7313 /* close_chat@2x.png in Resources */,
				61F1DB0D1D40BFAC000C7313 /* pure_bg@3x.png in Resources */,
				61F1DB111D40BFAC000C7313 /* pure_chatbg2@3x.png in Resources */,
				61F1DB3B1D40BFC5000C7313 /* btn_unselected@3x.png in Resources */,
				61F1DB101D40BFAC000C7313 /* pure_chatbg2@2x.png in Resources */,
				61F1DB261D40BFAC000C7313 /* pure_people@2x.png in Resources */,
				61F1DB0F1D40BFAC000C7313 /* pure_chatbg@3x.png in Resources */,
				61F1DB141D40BFAC000C7313 /* pure_closemore@2x.png in Resources */,
				61F1DB1E1D40BFAC000C7313 /* pure_Flip@2x.png in Resources */,
				61F1DB3D1D40BFC5000C7313 /* close_chat@3x.png in Resources */,
				61F1DB381D40BFC5000C7313 /* btn_selected@2x.png in Resources */,
				61F1DB201D40BFAC000C7313 /* pure_more@2x.png in Resources */,
				4EF392DF1D38BF8D00B18719 /* LaunchImage-800-Portrait-736h@3x.png in Resources */,
				61F1DB1B1D40BFAC000C7313 /* pure_emjs@3x.png in Resources */,
				61F1DB121D40BFAC000C7313 /* pure_closeaudio@2x.png in Resources */,
				61F1DB0E1D40BFAC000C7313 /* pure_chatbg@2x.png in Resources */,
			);
			runOnlyForDeploymentPostprocessing = 0;
		};
		4EEE90191D3747460076A484 /* Resources */ = {
			isa = PBXResourcesBuildPhase;
			buildActionMask = 2147483647;
			files = (
			);
			runOnlyForDeploymentPostprocessing = 0;
		};
		4EEE90241D3747460076A484 /* Resources */ = {
			isa = PBXResourcesBuildPhase;
			buildActionMask = 2147483647;
			files = (
			);
			runOnlyForDeploymentPostprocessing = 0;
		};
/* End PBXResourcesBuildPhase section */

/* Begin PBXSourcesBuildPhase section */
		4EEE8FFE1D3747460076A484 /* Sources */ = {
			isa = PBXSourcesBuildPhase;
			buildActionMask = 2147483647;
			files = (
				4EF392E71D38C84500B18719 /* BLLoginViewController.m in Sources */,
				61F91D8F1D3F92EE00228185 /* BLInputToolView.m in Sources */,
				61F91D731D3F56FB00228185 /* BLChatTableViewCell.m in Sources */,
				61F91D861D3F7C1B00228185 /* GHEmojiView.m in Sources */,
				61F91D871D3F7C1B00228185 /* GHInputToolView.m in Sources */,
				4EEE900A1D3747460076A484 /* AppDelegate.mm in Sources */,
				4EF392E21D38C36C00B18719 /* BLNavigationController.m in Sources */,
				618979D51D3C875900FD3752 /* BLUserDefaults.m in Sources */,
				4EF392D61D38BB3D00B18719 /* BLStartViewController.m in Sources */,
				61F1DADC1D40BC5F000C7313 /* BLChatMessageCell.m in Sources */,
				4EF392CE1D38923300B18719 /* BLBaseViewController.m in Sources */,
				61F91D701D3F531200228185 /* BLChatMessageInfo.m in Sources */,
				61F91D851D3F7C1B00228185 /* GHEmojiCollectionView.m in Sources */,
				4EEE90071D3747460076A484 /* main.m in Sources */,
				618979D81D3C8F7500FD3752 /* BLHomeBLViewController.m in Sources */,
			);
			runOnlyForDeploymentPostprocessing = 0;
		};
		4EEE90171D3747460076A484 /* Sources */ = {
			isa = PBXSourcesBuildPhase;
			buildActionMask = 2147483647;
			files = (
				4EEE90201D3747460076A484 /* ZJBroadcastLiveTests.m in Sources */,
			);
			runOnlyForDeploymentPostprocessing = 0;
		};
		4EEE90221D3747460076A484 /* Sources */ = {
			isa = PBXSourcesBuildPhase;
			buildActionMask = 2147483647;
			files = (
				4EEE902B1D3747460076A484 /* ZJBroadcastLiveUITests.m in Sources */,
			);
			runOnlyForDeploymentPostprocessing = 0;
		};
/* End PBXSourcesBuildPhase section */

/* Begin PBXTargetDependency section */
		4EEE901D1D3747460076A484 /* PBXTargetDependency */ = {
			isa = PBXTargetDependency;
			target = 4EEE90011D3747460076A484 /* ZJBroadcastLive */;
			targetProxy = 4EEE901C1D3747460076A484 /* PBXContainerItemProxy */;
		};
		4EEE90281D3747460076A484 /* PBXTargetDependency */ = {
			isa = PBXTargetDependency;
			target = 4EEE90011D3747460076A484 /* ZJBroadcastLive */;
			targetProxy = 4EEE90271D3747460076A484 /* PBXContainerItemProxy */;
		};
/* End PBXTargetDependency section */

/* Begin PBXVariantGroup section */
		4EEE900E1D3747460076A484 /* Main.storyboard */ = {
			isa = PBXVariantGroup;
			children = (
				4EEE900F1D3747460076A484 /* Base */,
			);
			name = Main.storyboard;
			sourceTree = "<group>";
		};
		4EEE90131D3747460076A484 /* LaunchScreen.storyboard */ = {
			isa = PBXVariantGroup;
			children = (
				4EEE90141D3747460076A484 /* Base */,
			);
			name = LaunchScreen.storyboard;
			sourceTree = "<group>";
		};
/* End PBXVariantGroup section */

/* Begin XCBuildConfiguration section */
		4EEE902D1D3747460076A484 /* Debug */ = {
			isa = XCBuildConfiguration;
			buildSettings = {
				ALWAYS_SEARCH_USER_PATHS = NO;
				CLANG_ANALYZER_NONNULL = YES;
				CLANG_CXX_LANGUAGE_STANDARD = "gnu++0x";
				CLANG_CXX_LIBRARY = "libc++";
				CLANG_ENABLE_MODULES = YES;
				CLANG_ENABLE_OBJC_ARC = YES;
				CLANG_WARN_BOOL_CONVERSION = YES;
				CLANG_WARN_CONSTANT_CONVERSION = YES;
				CLANG_WARN_DIRECT_OBJC_ISA_USAGE = YES_ERROR;
				CLANG_WARN_EMPTY_BODY = YES;
				CLANG_WARN_ENUM_CONVERSION = YES;
				CLANG_WARN_INT_CONVERSION = YES;
				CLANG_WARN_OBJC_ROOT_CLASS = YES_ERROR;
				CLANG_WARN_UNREACHABLE_CODE = YES;
				CLANG_WARN__DUPLICATE_METHOD_MATCH = YES;
				"CODE_SIGN_IDENTITY[sdk=iphoneos*]" = "iPhone Developer";
				COPY_PHASE_STRIP = NO;
				DEBUG_INFORMATION_FORMAT = dwarf;
				ENABLE_STRICT_OBJC_MSGSEND = YES;
				ENABLE_TESTABILITY = YES;
				GCC_C_LANGUAGE_STANDARD = gnu99;
				GCC_DYNAMIC_NO_PIC = NO;
				GCC_NO_COMMON_BLOCKS = YES;
				GCC_OPTIMIZATION_LEVEL = 0;
				GCC_PREPROCESSOR_DEFINITIONS = (
					"DEBUG=1",
					"$(inherited)",
				);
				GCC_WARN_64_TO_32_BIT_CONVERSION = YES;
				GCC_WARN_ABOUT_RETURN_TYPE = YES_ERROR;
				GCC_WARN_UNDECLARED_SELECTOR = YES;
				GCC_WARN_UNINITIALIZED_AUTOS = YES_AGGRESSIVE;
				GCC_WARN_UNUSED_FUNCTION = YES;
				GCC_WARN_UNUSED_VARIABLE = YES;
				IPHONEOS_DEPLOYMENT_TARGET = 9.3;
				MTL_ENABLE_DEBUG_INFO = YES;
				ONLY_ACTIVE_ARCH = YES;
				SDKROOT = iphoneos;
				TARGETED_DEVICE_FAMILY = "1,2";
			};
			name = Debug;
		};
		4EEE902E1D3747460076A484 /* Release */ = {
			isa = XCBuildConfiguration;
			buildSettings = {
				ALWAYS_SEARCH_USER_PATHS = NO;
				CLANG_ANALYZER_NONNULL = YES;
				CLANG_CXX_LANGUAGE_STANDARD = "gnu++0x";
				CLANG_CXX_LIBRARY = "libc++";
				CLANG_ENABLE_MODULES = YES;
				CLANG_ENABLE_OBJC_ARC = YES;
				CLANG_WARN_BOOL_CONVERSION = YES;
				CLANG_WARN_CONSTANT_CONVERSION = YES;
				CLANG_WARN_DIRECT_OBJC_ISA_USAGE = YES_ERROR;
				CLANG_WARN_EMPTY_BODY = YES;
				CLANG_WARN_ENUM_CONVERSION = YES;
				CLANG_WARN_INT_CONVERSION = YES;
				CLANG_WARN_OBJC_ROOT_CLASS = YES_ERROR;
				CLANG_WARN_UNREACHABLE_CODE = YES;
				CLANG_WARN__DUPLICATE_METHOD_MATCH = YES;
				"CODE_SIGN_IDENTITY[sdk=iphoneos*]" = "iPhone Developer";
				COPY_PHASE_STRIP = NO;
				DEBUG_INFORMATION_FORMAT = "dwarf-with-dsym";
				ENABLE_NS_ASSERTIONS = NO;
				ENABLE_STRICT_OBJC_MSGSEND = YES;
				GCC_C_LANGUAGE_STANDARD = gnu99;
				GCC_NO_COMMON_BLOCKS = YES;
				GCC_WARN_64_TO_32_BIT_CONVERSION = YES;
				GCC_WARN_ABOUT_RETURN_TYPE = YES_ERROR;
				GCC_WARN_UNDECLARED_SELECTOR = YES;
				GCC_WARN_UNINITIALIZED_AUTOS = YES_AGGRESSIVE;
				GCC_WARN_UNUSED_FUNCTION = YES;
				GCC_WARN_UNUSED_VARIABLE = YES;
				IPHONEOS_DEPLOYMENT_TARGET = 9.3;
				MTL_ENABLE_DEBUG_INFO = NO;
				SDKROOT = iphoneos;
				TARGETED_DEVICE_FAMILY = "1,2";
				VALIDATE_PRODUCT = YES;
			};
			name = Release;
		};
		4EEE90301D3747460076A484 /* Debug */ = {
			isa = XCBuildConfiguration;
			buildSettings = {
				ASSETCATALOG_COMPILER_APPICON_NAME = AppIcon;
				ASSETCATALOG_COMPILER_LAUNCHIMAGE_NAME = "Brand Assets";
				ENABLE_BITCODE = NO;
				FRAMEWORK_SEARCH_PATHS = (
					"$(inherited)",
					"$(PROJECT_DIR)/ZJBroadcastLive/Libs",
				);
				INFOPLIST_FILE = ZJBroadcastLive/Info.plist;
				IPHONEOS_DEPLOYMENT_TARGET = 7.1;
				LD_RUNPATH_SEARCH_PATHS = "$(inherited) @executable_path/Frameworks";
				OTHER_LDFLAGS = "-ObjC";
				PRODUCT_BUNDLE_IDENTIFIER = com.cytx.ZJBroadcastLive;
				PRODUCT_NAME = "$(TARGET_NAME)";
				TARGETED_DEVICE_FAMILY = 1;
			};
			name = Debug;
		};
		4EEE90311D3747460076A484 /* Release */ = {
			isa = XCBuildConfiguration;
			buildSettings = {
				ASSETCATALOG_COMPILER_APPICON_NAME = AppIcon;
				ASSETCATALOG_COMPILER_LAUNCHIMAGE_NAME = "Brand Assets";
				ENABLE_BITCODE = NO;
				FRAMEWORK_SEARCH_PATHS = (
					"$(inherited)",
					"$(PROJECT_DIR)/ZJBroadcastLive/Libs",
				);
				INFOPLIST_FILE = ZJBroadcastLive/Info.plist;
				IPHONEOS_DEPLOYMENT_TARGET = 7.1;
				LD_RUNPATH_SEARCH_PATHS = "$(inherited) @executable_path/Frameworks";
				OTHER_LDFLAGS = "-ObjC";
				PRODUCT_BUNDLE_IDENTIFIER = com.cytx.ZJBroadcastLive;
				PRODUCT_NAME = "$(TARGET_NAME)";
				TARGETED_DEVICE_FAMILY = 1;
			};
			name = Release;
		};
		4EEE90331D3747460076A484 /* Debug */ = {
			isa = XCBuildConfiguration;
			buildSettings = {
				BUNDLE_LOADER = "$(TEST_HOST)";
				INFOPLIST_FILE = ZJBroadcastLiveTests/Info.plist;
				LD_RUNPATH_SEARCH_PATHS = "$(inherited) @executable_path/Frameworks @loader_path/Frameworks";
				PRODUCT_BUNDLE_IDENTIFIER = com.cytx.ZJBroadcastLiveTests;
				PRODUCT_NAME = "$(TARGET_NAME)";
				TEST_HOST = "$(BUILT_PRODUCTS_DIR)/ZJBroadcastLive.app/ZJBroadcastLive";
			};
			name = Debug;
		};
		4EEE90341D3747460076A484 /* Release */ = {
			isa = XCBuildConfiguration;
			buildSettings = {
				BUNDLE_LOADER = "$(TEST_HOST)";
				INFOPLIST_FILE = ZJBroadcastLiveTests/Info.plist;
				LD_RUNPATH_SEARCH_PATHS = "$(inherited) @executable_path/Frameworks @loader_path/Frameworks";
				PRODUCT_BUNDLE_IDENTIFIER = com.cytx.ZJBroadcastLiveTests;
				PRODUCT_NAME = "$(TARGET_NAME)";
				TEST_HOST = "$(BUILT_PRODUCTS_DIR)/ZJBroadcastLive.app/ZJBroadcastLive";
			};
			name = Release;
		};
		4EEE90361D3747460076A484 /* Debug */ = {
			isa = XCBuildConfiguration;
			buildSettings = {
				INFOPLIST_FILE = ZJBroadcastLiveUITests/Info.plist;
				LD_RUNPATH_SEARCH_PATHS = "$(inherited) @executable_path/Frameworks @loader_path/Frameworks";
				PRODUCT_BUNDLE_IDENTIFIER = com.cytx.ZJBroadcastLiveUITests;
				PRODUCT_NAME = "$(TARGET_NAME)";
				TEST_TARGET_NAME = ZJBroadcastLive;
			};
			name = Debug;
		};
		4EEE90371D3747460076A484 /* Release */ = {
			isa = XCBuildConfiguration;
			buildSettings = {
				INFOPLIST_FILE = ZJBroadcastLiveUITests/Info.plist;
				LD_RUNPATH_SEARCH_PATHS = "$(inherited) @executable_path/Frameworks @loader_path/Frameworks";
				PRODUCT_BUNDLE_IDENTIFIER = com.cytx.ZJBroadcastLiveUITests;
				PRODUCT_NAME = "$(TARGET_NAME)";
				TEST_TARGET_NAME = ZJBroadcastLive;
			};
			name = Release;
		};
/* End XCBuildConfiguration section */

/* Begin XCConfigurationList section */
		4EEE8FFD1D3747460076A484 /* Build configuration list for PBXProject "ZJBroadcastLive" */ = {
			isa = XCConfigurationList;
			buildConfigurations = (
				4EEE902D1D3747460076A484 /* Debug */,
				4EEE902E1D3747460076A484 /* Release */,
			);
			defaultConfigurationIsVisible = 0;
			defaultConfigurationName = Release;
		};
		4EEE902F1D3747460076A484 /* Build configuration list for PBXNativeTarget "ZJBroadcastLive" */ = {
			isa = XCConfigurationList;
			buildConfigurations = (
				4EEE90301D3747460076A484 /* Debug */,
				4EEE90311D3747460076A484 /* Release */,
			);
			defaultConfigurationIsVisible = 0;
			defaultConfigurationName = Release;
		};
		4EEE90321D3747460076A484 /* Build configuration list for PBXNativeTarget "ZJBroadcastLiveTests" */ = {
			isa = XCConfigurationList;
			buildConfigurations = (
				4EEE90331D3747460076A484 /* Debug */,
				4EEE90341D3747460076A484 /* Release */,
			);
			defaultConfigurationIsVisible = 0;
			defaultConfigurationName = Release;
		};
		4EEE90351D3747460076A484 /* Build configuration list for PBXNativeTarget "ZJBroadcastLiveUITests" */ = {
			isa = XCConfigurationList;
			buildConfigurations = (
				4EEE90361D3747460076A484 /* Debug */,
				4EEE90371D3747460076A484 /* Release */,
			);
			defaultConfigurationIsVisible = 0;
			defaultConfigurationName = Release;
		};
/* End XCConfigurationList section */
	};
	rootObject = 4EEE8FFA1D3747460076A484 /* Project object */;
}
